<?xml version="1.0" encoding="utf-8"?>
<Project ToolsVersion="4.0" xmlns="http://schemas.microsoft.com/developer/msbuild/2003">
  <ItemGroup>
    <Filter Include="Source Files">
      <UniqueIdentifier>{4FC737F1-C7A5-4376-A066-2A32D752A2FF}</UniqueIdentifier>
      <Extensions>cpp;c;cc;cxx;def;odl;idl;hpj;bat;asm;asmx</Extensions>
    </Filter>
    <Filter Include="Header Files">
      <UniqueIdentifier>{93995380-89BD-4b04-88EB-625FBE52EBFB}</UniqueIdentifier>
      <Extensions>h;hh;hpp;hxx;hm;inl;inc;ipp;xsd</Extensions>
    </Filter>
    <Filter Include="Resource Files">
      <UniqueIdentifier>{67DA6AB6-F800-4c08-8B7A-83BB121AAD01}</UniqueIdentifier>
      <Extensions>rc;ico;cur;bmp;dlg;rc2;rct;bin;rgs;gif;jpg;jpeg;jpe;resx;tiff;tif;png;wav;mfcribbon-ms</Extensions>
    </Filter>
    <Filter Include="Header Files\Meta">
      <UniqueIdentifier>{ef0bfab5-9de9-4a43-a3f2-4e276e80894e}</UniqueIdentifier>
    </Filter>
    <Filter Include="Source Files\Meta">
      <UniqueIdentifier>{535d68e5-f979-475d-a4d1-e172fafb2090}</UniqueIdentifier>
    </Filter>
    <Filter Include="Header Files\Util">
      <UniqueIdentifier>{01c3e636-8437-4b08-bc76-05fb2081e3d0}</UniqueIdentifier>
    </Filter>
    <Filter Include="Source Files\Util">
      <UniqueIdentifier>{0589ca5e-5aca-49dc-a251-c161813465c6}</UniqueIdentifier>
    </Filter>
    <Filter Include="Header Files\ECS">
      <UniqueIdentifier>{d7acc114-a66d-4426-844b-1ae21463a531}</UniqueIdentifier>
    </Filter>
    <Filter Include="Source Files\ECS">
      <UniqueIdentifier>{5993abe5-1317-44c3-ba21-0c68d1a72092}</UniqueIdentifier>
    </Filter>
    <Filter Include="Source Files\Memory">
      <UniqueIdentifier>{8a6e3902-191c-462d-9f25-f95cb47418d7}</UniqueIdentifier>
    </Filter>
    <Filter Include="Header Files\Memory">
      <UniqueIdentifier>{9958c7d0-7cf4-4682-be98-1790c62bf387}</UniqueIdentifier>
    </Filter>
    <Filter Include="Header Files\Test">
      <UniqueIdentifier>{78657a21-a621-4cf1-8a80-2249706443bf}</UniqueIdentifier>
    </Filter>
    <Filter Include="Source Files\Test">
      <UniqueIdentifier>{fd99f160-78bd-493f-98f6-e136645d4598}</UniqueIdentifier>
    </Filter>
  </ItemGroup>
  <ItemGroup>
    <None Include="Test\GraphicsComponent.hpp">
      <Filter>Header Files\Test</Filter>
    </None>
    <None Include="meta.py" />
  </ItemGroup>
  <ItemGroup>
    <ClInclude Include="Core.Engine.h">
      <Filter>Header Files</Filter>
    </ClInclude>
    <ClInclude Include="ECS\EntityManager.h">
      <Filter>Header Files\ECS</Filter>
    </ClInclude>
    <ClInclude Include="ECS\ComponentWrapper.h">
      <Filter>Header Files\ECS</Filter>
    </ClInclude>
    <ClInclude Include="ECS\ComponentSystem.h">
      <Filter>Header Files\ECS</Filter>
    </ClInclude>
    <ClInclude Include="ECS\Entity.h">
      <Filter>Header Files\ECS</Filter>
    </ClInclude>
    <ClInclude Include="ECS\IComponent.h">
      <Filter>Header Files\ECS</Filter>
    </ClInclude>
    <ClInclude Include="Meta\Meta.h">
      <Filter>Header Files\Meta</Filter>
    </ClInclude>
    <ClInclude Include="Meta\MetaClass.h">
      <Filter>Header Files\Meta</Filter>
    </ClInclude>
    <ClInclude Include="Test\MovementComponent.hpp">
      <Filter>Header Files\Test</Filter>
    </ClInclude>
    <ClInclude Include="Meta\Object.h">
      <Filter>Header Files\Meta</Filter>
    </ClInclude>
    <ClInclude Include="ECS\Pool.h">
      <Filter>Header Files\Memory</Filter>
    </ClInclude>
    <ClInclude Include="Core\Util\Singleton.h">
      <Filter>Header Files\Util</Filter>
    </ClInclude>
    <ClInclude Include="Test\Test.hpp">
      <Filter>Header Files</Filter>
    </ClInclude>
    <ClInclude Include="Test\TestSystem.h">
      <Filter>Header Files\Test</Filter>
    </ClInclude>
    <ClInclude Include="ECS\World.h">
      <Filter>Header Files\ECS</Filter>
    </ClInclude>
    <ClInclude Include="Core\Core.Common.h">
      <Filter>Header Files</Filter>
    </ClInclude>
  </ItemGroup>
  <ItemGroup>
    <ClCompile Include="main.cpp">
      <Filter>Source Files</Filter>
    </ClCompile>
    <ClCompile Include="Core.Engine.cpp">
      <Filter>Source Files</Filter>
    </ClCompile>
    <ClCompile Include="ECS\EntityManager.cpp">
      <Filter>Source Files\ECS</Filter>
    </ClCompile>
    <ClCompile Include="ECS\ComponentSystem.cpp">
      <Filter>Source Files\ECS</Filter>
    </ClCompile>
    <ClCompile Include="ECS\Entity.cpp">
      <Filter>Source Files\ECS</Filter>
    </ClCompile>
    <ClCompile Include="ECS\IComponent.cpp">
      <Filter>Source Files</Filter>
    </ClCompile>
    <ClCompile Include="Meta\MetaClass.cpp">
      <Filter>Source Files\Meta</Filter>
    </ClCompile>
    <ClCompile Include="Meta\Object.cpp">
      <Filter>Source Files\Meta</Filter>
    </ClCompile>
    <ClCompile Include="ECS\Pool.cpp">
      <Filter>Source Files\Memory</Filter>
    </ClCompile>
    <ClCompile Include="Meta\Meta.cpp">
      <Filter>Source Files\Meta</Filter>
    </ClCompile>
    <ClCompile Include="Test\Test.cpp">
      <Filter>Source Files</Filter>
    </ClCompile>
    <ClCompile Include="Test\TestSystem.cpp">
      <Filter>Source Files\Test</Filter>
    </ClCompile>
    <ClCompile Include="ECS\World.cpp">
      <Filter>Source Files\ECS</Filter>
    </ClCompile>
  </ItemGroup>
  <ItemGroup>
    <Text Include="Meta\class_meta_generator_source.txt" />
    <Text Include="Meta\class_meta_generator_header.txt" />
  </ItemGroup>
</Project>